
Microsoft Visual Studio Solution File, Format Version 12.00
# Visual Studio Version 17
VisualStudioVersion = 17.6.33829.357
MinimumVisualStudioVersion = 10.0.40219.1
Project("{9A19103F-16F7-4668-BE54-9A1E7A4F7556}") = "02ConnectionString", "02ConnectionString\02ConnectionString.csproj", "{7317C8EF-EC9A-4F26-AE38-7D4E952083A9}"
EndProject
Project("{9A19103F-16F7-4668-BE54-9A1E7A4F7556}") = "02_ExecuteRowSql", "02_ExecuteRowSql\02_ExecuteRowSql.csproj", "{421368B7-95A5-493C-94D2-E770FA33700B}"
EndProject
Project("{9A19103F-16F7-4668-BE54-9A1E7A4F7556}") = "02_InsertRowSql", "02_InsertRowSql\02_InsertRowSql.csproj", "{B73EEE34-C42F-474F-9ADB-CD1194F185BB}"
EndProject
Project("{9A19103F-16F7-4668-BE54-9A1E7A4F7556}") = "02_InsertRowSql_Scaler", "02_InsertRowSql_Scaler\02_InsertRowSql_Scaler.csproj", "{617FB2C7-45DE-4C06-B45D-DACDC177F18D}"
EndProject
Project("{FAE04EC0-301F-11D3-BF4B-00C04F79EFBC}") = "InsertStoredProcedure", "InsertStoredProcedure\InsertStoredProcedure.csproj", "{39DECA7E-D0D4-4059-8A87-8F5194F31786}"
EndProject
Project("{FAE04EC0-301F-11D3-BF4B-00C04F79EFBC}") = "_02UpdateRawSql", "_02UpdateRawSql\_02UpdateRawSql.csproj", "{37999489-06F3-45AD-ACA2-07A8879F58A5}"
EndProject
Project("{FAE04EC0-301F-11D3-BF4B-00C04F79EFBC}") = "02DeleteRawSql", "02DeleteRawSql\02DeleteRawSql.csproj", "{FF4BA32D-142A-4E95-90B4-3F91DCE9C3E3}"
EndProject
Global
	GlobalSection(SolutionConfigurationPlatforms) = preSolution
		Debug|Any CPU = Debug|Any CPU
		Release|Any CPU = Release|Any CPU
	EndGlobalSection
	GlobalSection(ProjectConfigurationPlatforms) = postSolution
		{7317C8EF-EC9A-4F26-AE38-7D4E952083A9}.Debug|Any CPU.ActiveCfg = Debug|Any CPU
		{7317C8EF-EC9A-4F26-AE38-7D4E952083A9}.Debug|Any CPU.Build.0 = Debug|Any CPU
		{7317C8EF-EC9A-4F26-AE38-7D4E952083A9}.Release|Any CPU.ActiveCfg = Release|Any CPU
		{7317C8EF-EC9A-4F26-AE38-7D4E952083A9}.Release|Any CPU.Build.0 = Release|Any CPU
		{421368B7-95A5-493C-94D2-E770FA33700B}.Debug|Any CPU.ActiveCfg = Debug|Any CPU
		{421368B7-95A5-493C-94D2-E770FA33700B}.Debug|Any CPU.Build.0 = Debug|Any CPU
		{421368B7-95A5-493C-94D2-E770FA33700B}.Release|Any CPU.ActiveCfg = Release|Any CPU
		{421368B7-95A5-493C-94D2-E770FA33700B}.Release|Any CPU.Build.0 = Release|Any CPU
		{B73EEE34-C42F-474F-9ADB-CD1194F185BB}.Debug|Any CPU.ActiveCfg = Debug|Any CPU
		{B73EEE34-C42F-474F-9ADB-CD1194F185BB}.Debug|Any CPU.Build.0 = Debug|Any CPU
		{B73EEE34-C42F-474F-9ADB-CD1194F185BB}.Release|Any CPU.ActiveCfg = Release|Any CPU
		{B73EEE34-C42F-474F-9ADB-CD1194F185BB}.Release|Any CPU.Build.0 = Release|Any CPU
		{617FB2C7-45DE-4C06-B45D-DACDC177F18D}.Debug|Any CPU.ActiveCfg = Debug|Any CPU
		{617FB2C7-45DE-4C06-B45D-DACDC177F18D}.Debug|Any CPU.Build.0 = Debug|Any CPU
		{617FB2C7-45DE-4C06-B45D-DACDC177F18D}.Release|Any CPU.ActiveCfg = Release|Any CPU
		{617FB2C7-45DE-4C06-B45D-DACDC177F18D}.Release|Any CPU.Build.0 = Release|Any CPU
		{39DECA7E-D0D4-4059-8A87-8F5194F31786}.Debug|Any CPU.ActiveCfg = Debug|Any CPU
		{39DECA7E-D0D4-4059-8A87-8F5194F31786}.Debug|Any CPU.Build.0 = Debug|Any CPU
		{39DECA7E-D0D4-4059-8A87-8F5194F31786}.Release|Any CPU.ActiveCfg = Release|Any CPU
		{39DECA7E-D0D4-4059-8A87-8F5194F31786}.Release|Any CPU.Build.0 = Release|Any CPU
		{37999489-06F3-45AD-ACA2-07A8879F58A5}.Debug|Any CPU.ActiveCfg = Debug|Any CPU
		{37999489-06F3-45AD-ACA2-07A8879F58A5}.Debug|Any CPU.Build.0 = Debug|Any CPU
		{37999489-06F3-45AD-ACA2-07A8879F58A5}.Release|Any CPU.ActiveCfg = Release|Any CPU
		{37999489-06F3-45AD-ACA2-07A8879F58A5}.Release|Any CPU.Build.0 = Release|Any CPU
		{FF4BA32D-142A-4E95-90B4-3F91DCE9C3E3}.Debug|Any CPU.ActiveCfg = Debug|Any CPU
		{FF4BA32D-142A-4E95-90B4-3F91DCE9C3E3}.Debug|Any CPU.Build.0 = Debug|Any CPU
		{FF4BA32D-142A-4E95-90B4-3F91DCE9C3E3}.Release|Any CPU.ActiveCfg = Release|Any CPU
		{FF4BA32D-142A-4E95-90B4-3F91DCE9C3E3}.Release|Any CPU.Build.0 = Release|Any CPU
	EndGlobalSection
	GlobalSection(SolutionProperties) = preSolution
		HideSolutionNode = FALSE
	EndGlobalSection
	GlobalSection(ExtensibilityGlobals) = postSolution
		SolutionGuid = {BB74BAF6-EBAA-4AC1-833E-3FF70EE688A4}
	EndGlobalSection
EndGlobal
