
Microsoft Visual Studio Solution File, Format Version 12.00
# Visual Studio Version 17
VisualStudioVersion = 17.6.33829.357
MinimumVisualStudioVersion = 10.0.40219.1
Project("{9A19103F-16F7-4668-BE54-9A1E7A4F7556}") = "02ConnectionString", "02ConnectionString\02ConnectionString.csproj", "{7317C8EF-EC9A-4F26-AE38-7D4E952083A9}"
EndProject
Project("{9A19103F-16F7-4668-BE54-9A1E7A4F7556}") = "02_ExecuteRowSql", "02_ExecuteRowSql\02_ExecuteRowSql.csproj", "{421368B7-95A5-493C-94D2-E770FA33700B}"
EndProject
Project("{9A19103F-16F7-4668-BE54-9A1E7A4F7556}") = "02_InsertRowSql", "02_InsertRowSql\02_InsertRowSql.csproj", "{B73EEE34-C42F-474F-9ADB-CD1194F185BB}"
EndProject
Project("{9A19103F-16F7-4668-BE54-9A1E7A4F7556}") = "02_InsertRowSql_Scaler", "02_InsertRowSql_Scaler\02_InsertRowSql_Scaler.csproj", "{617FB2C7-45DE-4C06-B45D-DACDC177F18D}"
EndProject
Project("{FAE04EC0-301F-11D3-BF4B-00C04F79EFBC}") = "InsertStoredProcedure", "InsertStoredProcedure\InsertStoredProcedure.csproj", "{39DECA7E-D0D4-4059-8A87-8F5194F31786}"
EndProject
Project("{FAE04EC0-301F-11D3-BF4B-00C04F79EFBC}") = "_02UpdateRawSql", "_02UpdateRawSql\_02UpdateRawSql.csproj", "{37999489-06F3-45AD-ACA2-07A8879F58A5}"
EndProject
Project("{FAE04EC0-301F-11D3-BF4B-00C04F79EFBC}") = "02DeleteRawSql", "02DeleteRawSql\02DeleteRawSql.csproj", "{FF4BA32D-142A-4E95-90B4-3F91DCE9C3E3}"
EndProject
Project("{FAE04EC0-301F-11D3-BF4B-00C04F79EFBC}") = "_02ExecuteRawSqlDataAdapter", "_02ExecuteRawSqlDataAdapter\_02ExecuteRawSqlDataAdapter.csproj", "{EFBECC70-35A7-4A25-ACE6-D809D6CA8390}"
EndProject
Project("{FAE04EC0-301F-11D3-BF4B-00C04F79EFBC}") = "_02ExecuteTransaction", "_02ExecuteTransaction\_02ExecuteTransaction.csproj", "{35C47633-5A0B-4B01-9B47-475E21BB6113}"
EndProject
Project("{2150E333-8FDC-42A3-9474-1A3956D46DE8}") = "_02ADO.NET", "_02ADO.NET", "{CE7C4DDD-5112-4A75-94C1-101EDD89B8C4}"
EndProject
Project("{2150E333-8FDC-42A3-9474-1A3956D46DE8}") = "_03Dapper", "_03Dapper", "{484BEE13-E088-4812-B4F1-272E4F946B4F}"
EndProject
Project("{FAE04EC0-301F-11D3-BF4B-00C04F79EFBC}") = "03_ExecuteRawSql", "_03Dapper\03_ExecuteRawSql\03_ExecuteRawSql.csproj", "{F9293655-E5BE-4A15-8CC5-89D786A68C8E}"
EndProject
Project("{FAE04EC0-301F-11D3-BF4B-00C04F79EFBC}") = "03_SimpleInsert", "03_SimpleInsert\03_SimpleInsert.csproj", "{8B67532E-A8AB-4BC5-A54B-8E557AA177F0}"
EndProject
Project("{FAE04EC0-301F-11D3-BF4B-00C04F79EFBC}") = "03_InsertRawReturnIdentity", "InsertRawReturnIdentity\03_InsertRawReturnIdentity.csproj", "{73F4106A-24C8-417B-AC3A-687CAAAE2794}"
EndProject
Project("{FAE04EC0-301F-11D3-BF4B-00C04F79EFBC}") = "_03ExecuteUpdate", "_03Dapper\_03ExecuteUpdate\_03ExecuteUpdate.csproj", "{7A8FD252-20BC-403D-B2DF-FF145480AAE3}"
EndProject
Global
	GlobalSection(SolutionConfigurationPlatforms) = preSolution
		Debug|Any CPU = Debug|Any CPU
		Release|Any CPU = Release|Any CPU
	EndGlobalSection
	GlobalSection(ProjectConfigurationPlatforms) = postSolution
		{7317C8EF-EC9A-4F26-AE38-7D4E952083A9}.Debug|Any CPU.ActiveCfg = Debug|Any CPU
		{7317C8EF-EC9A-4F26-AE38-7D4E952083A9}.Debug|Any CPU.Build.0 = Debug|Any CPU
		{7317C8EF-EC9A-4F26-AE38-7D4E952083A9}.Release|Any CPU.ActiveCfg = Release|Any CPU
		{7317C8EF-EC9A-4F26-AE38-7D4E952083A9}.Release|Any CPU.Build.0 = Release|Any CPU
		{421368B7-95A5-493C-94D2-E770FA33700B}.Debug|Any CPU.ActiveCfg = Debug|Any CPU
		{421368B7-95A5-493C-94D2-E770FA33700B}.Debug|Any CPU.Build.0 = Debug|Any CPU
		{421368B7-95A5-493C-94D2-E770FA33700B}.Release|Any CPU.ActiveCfg = Release|Any CPU
		{421368B7-95A5-493C-94D2-E770FA33700B}.Release|Any CPU.Build.0 = Release|Any CPU
		{B73EEE34-C42F-474F-9ADB-CD1194F185BB}.Debug|Any CPU.ActiveCfg = Debug|Any CPU
		{B73EEE34-C42F-474F-9ADB-CD1194F185BB}.Debug|Any CPU.Build.0 = Debug|Any CPU
		{B73EEE34-C42F-474F-9ADB-CD1194F185BB}.Release|Any CPU.ActiveCfg = Release|Any CPU
		{B73EEE34-C42F-474F-9ADB-CD1194F185BB}.Release|Any CPU.Build.0 = Release|Any CPU
		{617FB2C7-45DE-4C06-B45D-DACDC177F18D}.Debug|Any CPU.ActiveCfg = Debug|Any CPU
		{617FB2C7-45DE-4C06-B45D-DACDC177F18D}.Debug|Any CPU.Build.0 = Debug|Any CPU
		{617FB2C7-45DE-4C06-B45D-DACDC177F18D}.Release|Any CPU.ActiveCfg = Release|Any CPU
		{617FB2C7-45DE-4C06-B45D-DACDC177F18D}.Release|Any CPU.Build.0 = Release|Any CPU
		{39DECA7E-D0D4-4059-8A87-8F5194F31786}.Debug|Any CPU.ActiveCfg = Debug|Any CPU
		{39DECA7E-D0D4-4059-8A87-8F5194F31786}.Debug|Any CPU.Build.0 = Debug|Any CPU
		{39DECA7E-D0D4-4059-8A87-8F5194F31786}.Release|Any CPU.ActiveCfg = Release|Any CPU
		{39DECA7E-D0D4-4059-8A87-8F5194F31786}.Release|Any CPU.Build.0 = Release|Any CPU
		{37999489-06F3-45AD-ACA2-07A8879F58A5}.Debug|Any CPU.ActiveCfg = Debug|Any CPU
		{37999489-06F3-45AD-ACA2-07A8879F58A5}.Debug|Any CPU.Build.0 = Debug|Any CPU
		{37999489-06F3-45AD-ACA2-07A8879F58A5}.Release|Any CPU.ActiveCfg = Release|Any CPU
		{37999489-06F3-45AD-ACA2-07A8879F58A5}.Release|Any CPU.Build.0 = Release|Any CPU
		{FF4BA32D-142A-4E95-90B4-3F91DCE9C3E3}.Debug|Any CPU.ActiveCfg = Debug|Any CPU
		{FF4BA32D-142A-4E95-90B4-3F91DCE9C3E3}.Debug|Any CPU.Build.0 = Debug|Any CPU
		{FF4BA32D-142A-4E95-90B4-3F91DCE9C3E3}.Release|Any CPU.ActiveCfg = Release|Any CPU
		{FF4BA32D-142A-4E95-90B4-3F91DCE9C3E3}.Release|Any CPU.Build.0 = Release|Any CPU
		{EFBECC70-35A7-4A25-ACE6-D809D6CA8390}.Debug|Any CPU.ActiveCfg = Debug|Any CPU
		{EFBECC70-35A7-4A25-ACE6-D809D6CA8390}.Debug|Any CPU.Build.0 = Debug|Any CPU
		{EFBECC70-35A7-4A25-ACE6-D809D6CA8390}.Release|Any CPU.ActiveCfg = Release|Any CPU
		{EFBECC70-35A7-4A25-ACE6-D809D6CA8390}.Release|Any CPU.Build.0 = Release|Any CPU
		{35C47633-5A0B-4B01-9B47-475E21BB6113}.Debug|Any CPU.ActiveCfg = Debug|Any CPU
		{35C47633-5A0B-4B01-9B47-475E21BB6113}.Debug|Any CPU.Build.0 = Debug|Any CPU
		{35C47633-5A0B-4B01-9B47-475E21BB6113}.Release|Any CPU.ActiveCfg = Release|Any CPU
		{35C47633-5A0B-4B01-9B47-475E21BB6113}.Release|Any CPU.Build.0 = Release|Any CPU
		{F9293655-E5BE-4A15-8CC5-89D786A68C8E}.Debug|Any CPU.ActiveCfg = Debug|Any CPU
		{F9293655-E5BE-4A15-8CC5-89D786A68C8E}.Debug|Any CPU.Build.0 = Debug|Any CPU
		{F9293655-E5BE-4A15-8CC5-89D786A68C8E}.Release|Any CPU.ActiveCfg = Release|Any CPU
		{F9293655-E5BE-4A15-8CC5-89D786A68C8E}.Release|Any CPU.Build.0 = Release|Any CPU
		{8B67532E-A8AB-4BC5-A54B-8E557AA177F0}.Debug|Any CPU.ActiveCfg = Debug|Any CPU
		{8B67532E-A8AB-4BC5-A54B-8E557AA177F0}.Debug|Any CPU.Build.0 = Debug|Any CPU
		{8B67532E-A8AB-4BC5-A54B-8E557AA177F0}.Release|Any CPU.ActiveCfg = Release|Any CPU
		{8B67532E-A8AB-4BC5-A54B-8E557AA177F0}.Release|Any CPU.Build.0 = Release|Any CPU
		{73F4106A-24C8-417B-AC3A-687CAAAE2794}.Debug|Any CPU.ActiveCfg = Debug|Any CPU
		{73F4106A-24C8-417B-AC3A-687CAAAE2794}.Debug|Any CPU.Build.0 = Debug|Any CPU
		{73F4106A-24C8-417B-AC3A-687CAAAE2794}.Release|Any CPU.ActiveCfg = Release|Any CPU
		{73F4106A-24C8-417B-AC3A-687CAAAE2794}.Release|Any CPU.Build.0 = Release|Any CPU
		{7A8FD252-20BC-403D-B2DF-FF145480AAE3}.Debug|Any CPU.ActiveCfg = Debug|Any CPU
		{7A8FD252-20BC-403D-B2DF-FF145480AAE3}.Debug|Any CPU.Build.0 = Debug|Any CPU
		{7A8FD252-20BC-403D-B2DF-FF145480AAE3}.Release|Any CPU.ActiveCfg = Release|Any CPU
		{7A8FD252-20BC-403D-B2DF-FF145480AAE3}.Release|Any CPU.Build.0 = Release|Any CPU
	EndGlobalSection
	GlobalSection(SolutionProperties) = preSolution
		HideSolutionNode = FALSE
	EndGlobalSection
	GlobalSection(NestedProjects) = preSolution
		{7317C8EF-EC9A-4F26-AE38-7D4E952083A9} = {CE7C4DDD-5112-4A75-94C1-101EDD89B8C4}
		{421368B7-95A5-493C-94D2-E770FA33700B} = {CE7C4DDD-5112-4A75-94C1-101EDD89B8C4}
		{B73EEE34-C42F-474F-9ADB-CD1194F185BB} = {CE7C4DDD-5112-4A75-94C1-101EDD89B8C4}
		{617FB2C7-45DE-4C06-B45D-DACDC177F18D} = {CE7C4DDD-5112-4A75-94C1-101EDD89B8C4}
		{39DECA7E-D0D4-4059-8A87-8F5194F31786} = {CE7C4DDD-5112-4A75-94C1-101EDD89B8C4}
		{37999489-06F3-45AD-ACA2-07A8879F58A5} = {CE7C4DDD-5112-4A75-94C1-101EDD89B8C4}
		{FF4BA32D-142A-4E95-90B4-3F91DCE9C3E3} = {CE7C4DDD-5112-4A75-94C1-101EDD89B8C4}
		{EFBECC70-35A7-4A25-ACE6-D809D6CA8390} = {CE7C4DDD-5112-4A75-94C1-101EDD89B8C4}
		{35C47633-5A0B-4B01-9B47-475E21BB6113} = {CE7C4DDD-5112-4A75-94C1-101EDD89B8C4}
		{F9293655-E5BE-4A15-8CC5-89D786A68C8E} = {484BEE13-E088-4812-B4F1-272E4F946B4F}
		{8B67532E-A8AB-4BC5-A54B-8E557AA177F0} = {484BEE13-E088-4812-B4F1-272E4F946B4F}
		{73F4106A-24C8-417B-AC3A-687CAAAE2794} = {484BEE13-E088-4812-B4F1-272E4F946B4F}
		{7A8FD252-20BC-403D-B2DF-FF145480AAE3} = {484BEE13-E088-4812-B4F1-272E4F946B4F}
	EndGlobalSection
	GlobalSection(ExtensibilityGlobals) = postSolution
		SolutionGuid = {BB74BAF6-EBAA-4AC1-833E-3FF70EE688A4}
	EndGlobalSection
EndGlobal
